
Microsoft Visual Studio Solution File, Format Version 9.00
# Visual C++ Express 2005
Project("{8BC9CEB8-8B4A-11D0-8D11-00A0C91BC942}") = "xtklib", "xtklib.vcproj", "{BAFE0BAF-EE9E-44C6-A616-95BFC3EAD1EA}"
EndProject
Project("{8BC9CEB8-8B4A-11D0-8D11-00A0C91BC942}") = "xtkwidgets", "xtkwidgets.vcproj", "{4B32C546-69D6-4969-83C2-896BEB469A2D}"
	ProjectSection(ProjectDependencies) = postProject
		{BAFE0BAF-EE9E-44C6-A616-95BFC3EAD1EA} = {BAFE0BAF-EE9E-44C6-A616-95BFC3EAD1EA}
	EndProjectSection
EndProject
Project("{8BC9CEB8-8B4A-11D0-8D11-00A0C91BC942}") = "tests", "tests\tests.vcproj", "{4B6309BB-62EC-4F34-B26A-B1CADE7004ED}"
	ProjectSection(ProjectDependencies) = postProject
		{4B32C546-69D6-4969-83C2-896BEB469A2D} = {4B32C546-69D6-4969-83C2-896BEB469A2D}
		{BAFE0BAF-EE9E-44C6-A616-95BFC3EAD1EA} = {BAFE0BAF-EE9E-44C6-A616-95BFC3EAD1EA}
	EndProjectSection
EndProject
Global
	GlobalSection(SolutionConfigurationPlatforms) = preSolution
		Debug|Win32 = Debug|Win32
		Release|Win32 = Release|Win32
	EndGlobalSection
	GlobalSection(ProjectConfigurationPlatforms) = postSolution
		{BAFE0BAF-EE9E-44C6-A616-95BFC3EAD1EA}.Debug|Win32.ActiveCfg = Debug|Win32
		{BAFE0BAF-EE9E-44C6-A616-95BFC3EAD1EA}.Debug|Win32.Build.0 = Debug|Win32
		{BAFE0BAF-EE9E-44C6-A616-95BFC3EAD1EA}.Release|Win32.ActiveCfg = Release|Win32
		{BAFE0BAF-EE9E-44C6-A616-95BFC3EAD1EA}.Release|Win32.Build.0 = Release|Win32
		{4B32C546-69D6-4969-83C2-896BEB469A2D}.Debug|Win32.ActiveCfg = Debug|Win32
		{4B32C546-69D6-4969-83C2-896BEB469A2D}.Debug|Win32.Build.0 = Debug|Win32
		{4B32C546-69D6-4969-83C2-896BEB469A2D}.Release|Win32.ActiveCfg = Release|Win32
		{4B32C546-69D6-4969-83C2-896BEB469A2D}.Release|Win32.Build.0 = Release|Win32
		{4B6309BB-62EC-4F34-B26A-B1CADE7004ED}.Debug|Win32.ActiveCfg = Debug|Win32
		{4B6309BB-62EC-4F34-B26A-B1CADE7004ED}.Debug|Win32.Build.0 = Debug|Win32
		{4B6309BB-62EC-4F34-B26A-B1CADE7004ED}.Release|Win32.ActiveCfg = Release|Win32
		{4B6309BB-62EC-4F34-B26A-B1CADE7004ED}.Release|Win32.Build.0 = Release|Win32
	EndGlobalSection
	GlobalSection(SolutionProperties) = preSolution
		HideSolutionNode = FALSE
	EndGlobalSection
EndGlobal
